github.com/go-volumes/interface v0.0.0-20260831115414-8aa56d750f28 h1:7wmYFFfyzgLWLITE6BV5CJZWheMta5ydP5rrEUgVzjY=
github.com/go-volumes/interface v0.0.0-20260831115414-8aa56d750f28/go.mod h1:0tuRHjCQUq0ql3dSvq5jQQtzB1u+bhVW7Fec58AurdQ=
github.com/go-volumes/replica v0.0.0-20260901145334-2d5385303d86 h1:IbjbouXZlxsfTwecQ8iJj92YMsg65O8m9P0tBH/bcI0=
github.com/go-volumes/replica v0.0.0-20260901145334-2d5385303d86/go.mod h1:2t/9dySPs+FpS3XkV0P/YI+LDWw0m7E//hNHSSwdRG4=
